<Solution>
  <Folder Name="/Api Layer/">
    <Project Path="OpteamixEmployeeManagementSystem.API/OpteamixEmployeeManagementSystem.API.csproj" />
  </Folder>
  <Folder Name="/Data Layer/">
    <Project Path="OpteamixEmployeeManagementSystem.Data/OpteamixEmployeeManagementSystem.Data.csproj" />
  </Folder>
  <Folder Name="/Domain Layer/">
    <Project Path="OpteamixEmployeeManagementSystem.Domain/OpteamixEmployeeManagementSystem.Domain.csproj" />
  </Folder>
  <Project Path="TestController/TestController.csproj" Id="757d9367-ddb6-4d77-a256-cb66d758510a" />
  <Project Path="TestValidator/TestValidator.csproj" Id="07fd5f14-fc48-4c10-b311-5e06051aca6f" />
</Solution>
